
Microsoft Visual Studio Solution File, Format Version 12.00
# Visual Studio Version 17
VisualStudioVersion = 17.5.002.0
MinimumVisualStudioVersion = 10.0.40219.1
Project("{9A19103F-16F7-4668-BE54-9A1E7A4F7556}") = "AS", "AS.csproj", "{90FBED9B-9218-4EB4-9566-F23DF1FF3084}"
EndProject
Global
	GlobalSection(SolutionConfigurationPlatforms) = preSolution
		Debug|Any CPU = Debug|Any CPU
		Release|Any CPU = Release|Any CPU
	EndGlobalSection
	GlobalSection(ProjectConfigurationPlatforms) = postSolution
		{90FBED9B-9218-4EB4-9566-F23DF1FF3084}.Debug|Any CPU.ActiveCfg = Debug|Any CPU
		{90FBED9B-9218-4EB4-9566-F23DF1FF3084}.Debug|Any CPU.Build.0 = Debug|Any CPU
		{90FBED9B-9218-4EB4-9566-F23DF1FF3084}.Release|Any CPU.ActiveCfg = Release|Any CPU
		{90FBED9B-9218-4EB4-9566-F23DF1FF3084}.Release|Any CPU.Build.0 = Release|Any CPU
	EndGlobalSection
	GlobalSection(SolutionProperties) = preSolution
		HideSolutionNode = FALSE
	EndGlobalSection
	GlobalSection(ExtensibilityGlobals) = postSolution
		SolutionGuid = {70AABB03-F0E1-433B-B6A3-5B81675FF50B}
	EndGlobalSection
EndGlobal
